
Microsoft Visual Studio Solution File, Format Version 11.00
# Visual Studio 2010
Project("{FAE04EC0-301F-11D3-BF4B-00C04F79EFBC}") = "SingularityClicker", "Assembly-CSharp.csproj", "{17BA92AD-A0B3-6500-CEF7-82407E7D4A4A}"
EndProject
Global
	GlobalSection(SolutionConfigurationPlatforms) = preSolution
		Debug|Any CPU = Debug|Any CPU
		Release|Any CPU = Release|Any CPU
	EndGlobalSection
	GlobalSection(ProjectConfigurationPlatforms) = postSolution
		{17BA92AD-A0B3-6500-CEF7-82407E7D4A4A}.Debug|Any CPU.ActiveCfg = Debug|Any CPU
		{17BA92AD-A0B3-6500-CEF7-82407E7D4A4A}.Debug|Any CPU.Build.0 = Debug|Any CPU
		{17BA92AD-A0B3-6500-CEF7-82407E7D4A4A}.Release|Any CPU.ActiveCfg = Release|Any CPU
		{17BA92AD-A0B3-6500-CEF7-82407E7D4A4A}.Release|Any CPU.Build.0 = Release|Any CPU
	EndGlobalSection
	GlobalSection(SolutionProperties) = preSolution
		HideSolutionNode = FALSE
	EndGlobalSection
	GlobalSection(MonoDevelopProperties) = preSolution
		StartupItem = Assembly-CSharp.csproj
	EndGlobalSection
EndGlobal
